
Microsoft Visual Studio Solution File, Format Version 12.00
# Visual Studio Version 17
VisualStudioVersion = 17.0.32112.339
MinimumVisualStudioVersion = 10.0.40219.1
Project("{FAE04EC0-301F-11D3-BF4B-00C04F79EFBC}") = "Day12Project1", "Day12Project1\Day12Project1.csproj", "{B4D2E6C3-EF33-42E6-9AD3-D36A3F37F12A}"
EndProject
Global
	GlobalSection(SolutionConfigurationPlatforms) = preSolution
		Debug|Any CPU = Debug|Any CPU
		Release|Any CPU = Release|Any CPU
	EndGlobalSection
	GlobalSection(ProjectConfigurationPlatforms) = postSolution
		{B4D2E6C3-EF33-42E6-9AD3-D36A3F37F12A}.Debug|Any CPU.ActiveCfg = Debug|Any CPU
		{B4D2E6C3-EF33-42E6-9AD3-D36A3F37F12A}.Debug|Any CPU.Build.0 = Debug|Any CPU
		{B4D2E6C3-EF33-42E6-9AD3-D36A3F37F12A}.Release|Any CPU.ActiveCfg = Release|Any CPU
		{B4D2E6C3-EF33-42E6-9AD3-D36A3F37F12A}.Release|Any CPU.Build.0 = Release|Any CPU
	EndGlobalSection
	GlobalSection(SolutionProperties) = preSolution
		HideSolutionNode = FALSE
	EndGlobalSection
	GlobalSection(ExtensibilityGlobals) = postSolution
		SolutionGuid = {B6AAE39B-CDEC-4867-94F4-CC205F328267}
	EndGlobalSection
EndGlobal
