
Microsoft Visual Studio Solution File, Format Version 12.00
# Visual Studio Version 17
VisualStudioVersion = 17.0.32112.339
MinimumVisualStudioVersion = 10.0.40219.1
Project("{FAE04EC0-301F-11D3-BF4B-00C04F79EFBC}") = "Palindrome_new", "Palindrome_new\Palindrome_new.csproj", "{ED2A2518-717D-4EBF-A026-20840EFC32F7}"
EndProject
Global
	GlobalSection(SolutionConfigurationPlatforms) = preSolution
		Debug|Any CPU = Debug|Any CPU
		Release|Any CPU = Release|Any CPU
	EndGlobalSection
	GlobalSection(ProjectConfigurationPlatforms) = postSolution
		{ED2A2518-717D-4EBF-A026-20840EFC32F7}.Debug|Any CPU.ActiveCfg = Debug|Any CPU
		{ED2A2518-717D-4EBF-A026-20840EFC32F7}.Debug|Any CPU.Build.0 = Debug|Any CPU
		{ED2A2518-717D-4EBF-A026-20840EFC32F7}.Release|Any CPU.ActiveCfg = Release|Any CPU
		{ED2A2518-717D-4EBF-A026-20840EFC32F7}.Release|Any CPU.Build.0 = Release|Any CPU
	EndGlobalSection
	GlobalSection(SolutionProperties) = preSolution
		HideSolutionNode = FALSE
	EndGlobalSection
	GlobalSection(ExtensibilityGlobals) = postSolution
		SolutionGuid = {F8B6F34A-6F25-43EB-A021-DAA51F3D4680}
	EndGlobalSection
EndGlobal
