
Microsoft Visual Studio Solution File, Format Version 12.00
# Visual Studio Version 17
VisualStudioVersion = 17.0.32112.339
MinimumVisualStudioVersion = 10.0.40219.1
Project("{FAE04EC0-301F-11D3-BF4B-00C04F79EFBC}") = "Quiz", "Quiz\Quiz.csproj", "{97BC58E9-CA29-469E-BB5A-F1BD2734A794}"
EndProject
Global
	GlobalSection(SolutionConfigurationPlatforms) = preSolution
		Debug|Any CPU = Debug|Any CPU
		Release|Any CPU = Release|Any CPU
	EndGlobalSection
	GlobalSection(ProjectConfigurationPlatforms) = postSolution
		{97BC58E9-CA29-469E-BB5A-F1BD2734A794}.Debug|Any CPU.ActiveCfg = Debug|Any CPU
		{97BC58E9-CA29-469E-BB5A-F1BD2734A794}.Debug|Any CPU.Build.0 = Debug|Any CPU
		{97BC58E9-CA29-469E-BB5A-F1BD2734A794}.Release|Any CPU.ActiveCfg = Release|Any CPU
		{97BC58E9-CA29-469E-BB5A-F1BD2734A794}.Release|Any CPU.Build.0 = Release|Any CPU
	EndGlobalSection
	GlobalSection(SolutionProperties) = preSolution
		HideSolutionNode = FALSE
	EndGlobalSection
	GlobalSection(ExtensibilityGlobals) = postSolution
		SolutionGuid = {62D28729-22E5-4F88-99A8-FC247A03680D}
	EndGlobalSection
EndGlobal
