
Microsoft Visual Studio Solution File, Format Version 12.00
# Visual Studio Version 17
VisualStudioVersion = 17.0.32112.339
MinimumVisualStudioVersion = 10.0.40219.1
Project("{FAE04EC0-301F-11D3-BF4B-00C04F79EFBC}") = "Fibonacci(for loop)", "Fibonacci(for loop)\Fibonacci(for loop).csproj", "{07608820-A622-4630-B370-1CC7C9C59C8C}"
EndProject
Global
	GlobalSection(SolutionConfigurationPlatforms) = preSolution
		Debug|Any CPU = Debug|Any CPU
		Release|Any CPU = Release|Any CPU
	EndGlobalSection
	GlobalSection(ProjectConfigurationPlatforms) = postSolution
		{07608820-A622-4630-B370-1CC7C9C59C8C}.Debug|Any CPU.ActiveCfg = Debug|Any CPU
		{07608820-A622-4630-B370-1CC7C9C59C8C}.Debug|Any CPU.Build.0 = Debug|Any CPU
		{07608820-A622-4630-B370-1CC7C9C59C8C}.Release|Any CPU.ActiveCfg = Release|Any CPU
		{07608820-A622-4630-B370-1CC7C9C59C8C}.Release|Any CPU.Build.0 = Release|Any CPU
	EndGlobalSection
	GlobalSection(SolutionProperties) = preSolution
		HideSolutionNode = FALSE
	EndGlobalSection
	GlobalSection(ExtensibilityGlobals) = postSolution
		SolutionGuid = {208F5B4C-9259-41AE-99C4-E40ED605A341}
	EndGlobalSection
EndGlobal
