
Microsoft Visual Studio Solution File, Format Version 12.00
# Visual Studio Version 17
VisualStudioVersion = 17.0.32112.339
MinimumVisualStudioVersion = 10.0.40219.1
Project("{FAE04EC0-301F-11D3-BF4B-00C04F79EFBC}") = "FindingFactorial(recursion)", "FindingFactorial(recursion)\FindingFactorial(recursion).csproj", "{5947574B-10A7-4E7C-A44B-EFBB1EB7BA9A}"
EndProject
Global
	GlobalSection(SolutionConfigurationPlatforms) = preSolution
		Debug|Any CPU = Debug|Any CPU
		Release|Any CPU = Release|Any CPU
	EndGlobalSection
	GlobalSection(ProjectConfigurationPlatforms) = postSolution
		{5947574B-10A7-4E7C-A44B-EFBB1EB7BA9A}.Debug|Any CPU.ActiveCfg = Debug|Any CPU
		{5947574B-10A7-4E7C-A44B-EFBB1EB7BA9A}.Debug|Any CPU.Build.0 = Debug|Any CPU
		{5947574B-10A7-4E7C-A44B-EFBB1EB7BA9A}.Release|Any CPU.ActiveCfg = Release|Any CPU
		{5947574B-10A7-4E7C-A44B-EFBB1EB7BA9A}.Release|Any CPU.Build.0 = Release|Any CPU
	EndGlobalSection
	GlobalSection(SolutionProperties) = preSolution
		HideSolutionNode = FALSE
	EndGlobalSection
	GlobalSection(ExtensibilityGlobals) = postSolution
		SolutionGuid = {C0E85694-5B9D-4AFA-BDA3-8356536211BE}
	EndGlobalSection
EndGlobal
