
Microsoft Visual Studio Solution File, Format Version 12.00
# Visual Studio Version 17
VisualStudioVersion = 17.0.32112.339
MinimumVisualStudioVersion = 10.0.40219.1
Project("{FAE04EC0-301F-11D3-BF4B-00C04F79EFBC}") = "PrimeNumbers(Range)", "PrimeNumbers(Range)\PrimeNumbers(Range).csproj", "{ADC0893C-D1DF-4D75-91CF-B643104404EA}"
EndProject
Global
	GlobalSection(SolutionConfigurationPlatforms) = preSolution
		Debug|Any CPU = Debug|Any CPU
		Release|Any CPU = Release|Any CPU
	EndGlobalSection
	GlobalSection(ProjectConfigurationPlatforms) = postSolution
		{ADC0893C-D1DF-4D75-91CF-B643104404EA}.Debug|Any CPU.ActiveCfg = Debug|Any CPU
		{ADC0893C-D1DF-4D75-91CF-B643104404EA}.Debug|Any CPU.Build.0 = Debug|Any CPU
		{ADC0893C-D1DF-4D75-91CF-B643104404EA}.Release|Any CPU.ActiveCfg = Release|Any CPU
		{ADC0893C-D1DF-4D75-91CF-B643104404EA}.Release|Any CPU.Build.0 = Release|Any CPU
	EndGlobalSection
	GlobalSection(SolutionProperties) = preSolution
		HideSolutionNode = FALSE
	EndGlobalSection
	GlobalSection(ExtensibilityGlobals) = postSolution
		SolutionGuid = {6E3D6134-EC3B-44B9-B6A0-FC921CAEEF64}
	EndGlobalSection
EndGlobal
