
Microsoft Visual Studio Solution File, Format Version 12.00
# Visual Studio Version 17
VisualStudioVersion = 17.0.32112.339
MinimumVisualStudioVersion = 10.0.40219.1
Project("{FAE04EC0-301F-11D3-BF4B-00C04F79EFBC}") = "day11project3", "day11project3\day11project3.csproj", "{E4B9AA39-58E7-449E-81C4-18E61571E76B}"
EndProject
Global
	GlobalSection(SolutionConfigurationPlatforms) = preSolution
		Debug|Any CPU = Debug|Any CPU
		Release|Any CPU = Release|Any CPU
	EndGlobalSection
	GlobalSection(ProjectConfigurationPlatforms) = postSolution
		{E4B9AA39-58E7-449E-81C4-18E61571E76B}.Debug|Any CPU.ActiveCfg = Debug|Any CPU
		{E4B9AA39-58E7-449E-81C4-18E61571E76B}.Debug|Any CPU.Build.0 = Debug|Any CPU
		{E4B9AA39-58E7-449E-81C4-18E61571E76B}.Release|Any CPU.ActiveCfg = Release|Any CPU
		{E4B9AA39-58E7-449E-81C4-18E61571E76B}.Release|Any CPU.Build.0 = Release|Any CPU
	EndGlobalSection
	GlobalSection(SolutionProperties) = preSolution
		HideSolutionNode = FALSE
	EndGlobalSection
	GlobalSection(ExtensibilityGlobals) = postSolution
		SolutionGuid = {DBA01F0D-AD38-4CD6-B72E-3F68FE8A57D7}
	EndGlobalSection
EndGlobal
