
Microsoft Visual Studio Solution File, Format Version 12.00
# Visual Studio Version 17
VisualStudioVersion = 17.0.32112.339
MinimumVisualStudioVersion = 10.0.40219.1
Project("{FAE04EC0-301F-11D3-BF4B-00C04F79EFBC}") = "MultiplicationTable2(while loop)", "MultiplicationTable2(while loop)\MultiplicationTable2(while loop).csproj", "{D6F57B55-5D21-4B57-A54C-8A8F7B2B951F}"
EndProject
Global
	GlobalSection(SolutionConfigurationPlatforms) = preSolution
		Debug|Any CPU = Debug|Any CPU
		Release|Any CPU = Release|Any CPU
	EndGlobalSection
	GlobalSection(ProjectConfigurationPlatforms) = postSolution
		{D6F57B55-5D21-4B57-A54C-8A8F7B2B951F}.Debug|Any CPU.ActiveCfg = Debug|Any CPU
		{D6F57B55-5D21-4B57-A54C-8A8F7B2B951F}.Debug|Any CPU.Build.0 = Debug|Any CPU
		{D6F57B55-5D21-4B57-A54C-8A8F7B2B951F}.Release|Any CPU.ActiveCfg = Release|Any CPU
		{D6F57B55-5D21-4B57-A54C-8A8F7B2B951F}.Release|Any CPU.Build.0 = Release|Any CPU
	EndGlobalSection
	GlobalSection(SolutionProperties) = preSolution
		HideSolutionNode = FALSE
	EndGlobalSection
	GlobalSection(ExtensibilityGlobals) = postSolution
		SolutionGuid = {64B01E3C-8B35-425B-88CD-94787A90A25E}
	EndGlobalSection
EndGlobal
