
Microsoft Visual Studio Solution File, Format Version 12.00
# Visual Studio Version 17
VisualStudioVersion = 17.0.32112.339
MinimumVisualStudioVersion = 10.0.40219.1
Project("{FAE04EC0-301F-11D3-BF4B-00C04F79EFBC}") = "ArmstrongNumber(function)", "ArmstrongNumber(function)\ArmstrongNumber(function).csproj", "{1320BD92-CFDA-494B-BB5C-2FE2DF7A703C}"
EndProject
Global
	GlobalSection(SolutionConfigurationPlatforms) = preSolution
		Debug|Any CPU = Debug|Any CPU
		Release|Any CPU = Release|Any CPU
	EndGlobalSection
	GlobalSection(ProjectConfigurationPlatforms) = postSolution
		{1320BD92-CFDA-494B-BB5C-2FE2DF7A703C}.Debug|Any CPU.ActiveCfg = Debug|Any CPU
		{1320BD92-CFDA-494B-BB5C-2FE2DF7A703C}.Debug|Any CPU.Build.0 = Debug|Any CPU
		{1320BD92-CFDA-494B-BB5C-2FE2DF7A703C}.Release|Any CPU.ActiveCfg = Release|Any CPU
		{1320BD92-CFDA-494B-BB5C-2FE2DF7A703C}.Release|Any CPU.Build.0 = Release|Any CPU
	EndGlobalSection
	GlobalSection(SolutionProperties) = preSolution
		HideSolutionNode = FALSE
	EndGlobalSection
	GlobalSection(ExtensibilityGlobals) = postSolution
		SolutionGuid = {2410FA11-B9E8-4ADA-A093-C422A3B27F92}
	EndGlobalSection
EndGlobal
