
Microsoft Visual Studio Solution File, Format Version 12.00
# Visual Studio Version 17
VisualStudioVersion = 17.0.32112.339
MinimumVisualStudioVersion = 10.0.40219.1
Project("{FAE04EC0-301F-11D3-BF4B-00C04F79EFBC}") = "SwapNumbers2", "SwapNumbers2\SwapNumbers2.csproj", "{B590CA51-D4BB-4C29-84A5-1B51FA967D79}"
EndProject
Global
	GlobalSection(SolutionConfigurationPlatforms) = preSolution
		Debug|Any CPU = Debug|Any CPU
		Release|Any CPU = Release|Any CPU
	EndGlobalSection
	GlobalSection(ProjectConfigurationPlatforms) = postSolution
		{B590CA51-D4BB-4C29-84A5-1B51FA967D79}.Debug|Any CPU.ActiveCfg = Debug|Any CPU
		{B590CA51-D4BB-4C29-84A5-1B51FA967D79}.Debug|Any CPU.Build.0 = Debug|Any CPU
		{B590CA51-D4BB-4C29-84A5-1B51FA967D79}.Release|Any CPU.ActiveCfg = Release|Any CPU
		{B590CA51-D4BB-4C29-84A5-1B51FA967D79}.Release|Any CPU.Build.0 = Release|Any CPU
	EndGlobalSection
	GlobalSection(SolutionProperties) = preSolution
		HideSolutionNode = FALSE
	EndGlobalSection
	GlobalSection(ExtensibilityGlobals) = postSolution
		SolutionGuid = {8E587954-DA8C-4178-A5AB-48AFB72118A7}
	EndGlobalSection
EndGlobal
