
Microsoft Visual Studio Solution File, Format Version 12.00
# Visual Studio Version 17
VisualStudioVersion = 17.0.32112.339
MinimumVisualStudioVersion = 10.0.40219.1
Project("{FAE04EC0-301F-11D3-BF4B-00C04F79EFBC}") = "Sum(for loop)", "Sum(for loop)\Sum(for loop).csproj", "{AC13D0AB-CBC3-4CA8-8485-AD5956CE1382}"
EndProject
Global
	GlobalSection(SolutionConfigurationPlatforms) = preSolution
		Debug|Any CPU = Debug|Any CPU
		Release|Any CPU = Release|Any CPU
	EndGlobalSection
	GlobalSection(ProjectConfigurationPlatforms) = postSolution
		{AC13D0AB-CBC3-4CA8-8485-AD5956CE1382}.Debug|Any CPU.ActiveCfg = Debug|Any CPU
		{AC13D0AB-CBC3-4CA8-8485-AD5956CE1382}.Debug|Any CPU.Build.0 = Debug|Any CPU
		{AC13D0AB-CBC3-4CA8-8485-AD5956CE1382}.Release|Any CPU.ActiveCfg = Release|Any CPU
		{AC13D0AB-CBC3-4CA8-8485-AD5956CE1382}.Release|Any CPU.Build.0 = Release|Any CPU
	EndGlobalSection
	GlobalSection(SolutionProperties) = preSolution
		HideSolutionNode = FALSE
	EndGlobalSection
	GlobalSection(ExtensibilityGlobals) = postSolution
		SolutionGuid = {A42C844E-20E4-4CED-9379-A736DB986635}
	EndGlobalSection
EndGlobal
