
Microsoft Visual Studio Solution File, Format Version 12.00
# Visual Studio Version 17
VisualStudioVersion = 17.0.32112.339
MinimumVisualStudioVersion = 10.0.40219.1
Project("{FAE04EC0-301F-11D3-BF4B-00C04F79EFBC}") = "DayProject6", "DayProject6\DayProject6.csproj", "{1F3B6CEE-707B-489C-8075-005C3CC908DD}"
EndProject
Global
	GlobalSection(SolutionConfigurationPlatforms) = preSolution
		Debug|Any CPU = Debug|Any CPU
		Release|Any CPU = Release|Any CPU
	EndGlobalSection
	GlobalSection(ProjectConfigurationPlatforms) = postSolution
		{1F3B6CEE-707B-489C-8075-005C3CC908DD}.Debug|Any CPU.ActiveCfg = Debug|Any CPU
		{1F3B6CEE-707B-489C-8075-005C3CC908DD}.Debug|Any CPU.Build.0 = Debug|Any CPU
		{1F3B6CEE-707B-489C-8075-005C3CC908DD}.Release|Any CPU.ActiveCfg = Release|Any CPU
		{1F3B6CEE-707B-489C-8075-005C3CC908DD}.Release|Any CPU.Build.0 = Release|Any CPU
	EndGlobalSection
	GlobalSection(SolutionProperties) = preSolution
		HideSolutionNode = FALSE
	EndGlobalSection
	GlobalSection(ExtensibilityGlobals) = postSolution
		SolutionGuid = {F595A4CF-6B84-433D-B542-394E9202181B}
	EndGlobalSection
EndGlobal
