
Microsoft Visual Studio Solution File, Format Version 12.00
# Visual Studio Version 17
VisualStudioVersion = 17.0.32112.339
MinimumVisualStudioVersion = 10.0.40219.1
Project("{FAE04EC0-301F-11D3-BF4B-00C04F79EFBC}") = "AddNumbers(Console App)", "AddNumbers(Console App)\AddNumbers(Console App).csproj", "{EBC54D26-E6B4-446E-8568-CE1D1D718184}"
EndProject
Global
	GlobalSection(SolutionConfigurationPlatforms) = preSolution
		Debug|Any CPU = Debug|Any CPU
		Release|Any CPU = Release|Any CPU
	EndGlobalSection
	GlobalSection(ProjectConfigurationPlatforms) = postSolution
		{EBC54D26-E6B4-446E-8568-CE1D1D718184}.Debug|Any CPU.ActiveCfg = Debug|Any CPU
		{EBC54D26-E6B4-446E-8568-CE1D1D718184}.Debug|Any CPU.Build.0 = Debug|Any CPU
		{EBC54D26-E6B4-446E-8568-CE1D1D718184}.Release|Any CPU.ActiveCfg = Release|Any CPU
		{EBC54D26-E6B4-446E-8568-CE1D1D718184}.Release|Any CPU.Build.0 = Release|Any CPU
	EndGlobalSection
	GlobalSection(SolutionProperties) = preSolution
		HideSolutionNode = FALSE
	EndGlobalSection
	GlobalSection(ExtensibilityGlobals) = postSolution
		SolutionGuid = {D515F179-BB96-4D46-82DF-180F346B3034}
	EndGlobalSection
EndGlobal
